
Microsoft Visual Studio Solution File, Format Version 12.00
# Visual Studio 14
VisualStudioVersion = 14.0.25420.1
MinimumVisualStudioVersion = 10.0.40219.1
Project("{FAE04EC0-301F-11D3-BF4B-00C04F79EFBC}") = "DAL", "DAL\DAL.csproj", "{957090F3-D758-45BF-8AC4-72535E4B8978}"
EndProject
Project("{FAE04EC0-301F-11D3-BF4B-00C04F79EFBC}") = "Core", "Core\Core.csproj", "{7DBBD72B-3425-44A9-A61F-E6039F95EE97}"
EndProject
Project("{FAE04EC0-301F-11D3-BF4B-00C04F79EFBC}") = "BLL", "BLL\BLL.csproj", "{7D7F22C5-11D4-4A92-9F10-09AA27BF3089}"
EndProject
Project("{FAE04EC0-301F-11D3-BF4B-00C04F79EFBC}") = "WebApi", "WebApi\WebApi.csproj", "{619A297C-6C31-45C4-85DC-84D6300C4683}"
EndProject
Project("{E24C65DC-7377-472B-9ABA-BC803B73C61A}") = "Front", "Front\", "{9FAA392A-7303-43B9-9C20-3C628F77C0D4}"
	ProjectSection(WebsiteProperties) = preProject
		TargetFrameworkMoniker = ".NETFramework,Version%3Dv4.5.2"
		Debug.AspNetCompiler.VirtualPath = "/localhost_61467"
		Debug.AspNetCompiler.PhysicalPath = "Front\"
		Debug.AspNetCompiler.TargetPath = "PrecompiledWeb\localhost_61467\"
		Debug.AspNetCompiler.Updateable = "true"
		Debug.AspNetCompiler.ForceOverwrite = "true"
		Debug.AspNetCompiler.FixedNames = "false"
		Debug.AspNetCompiler.Debug = "True"
		Release.AspNetCompiler.VirtualPath = "/localhost_61467"
		Release.AspNetCompiler.PhysicalPath = "Front\"
		Release.AspNetCompiler.TargetPath = "PrecompiledWeb\localhost_61467\"
		Release.AspNetCompiler.Updateable = "true"
		Release.AspNetCompiler.ForceOverwrite = "true"
		Release.AspNetCompiler.FixedNames = "false"
		Release.AspNetCompiler.Debug = "False"
		VWDPort = "61467"
		SlnRelativePath = "Front\"
	EndProjectSection
EndProject
Global
	GlobalSection(SolutionConfigurationPlatforms) = preSolution
		Debug|Any CPU = Debug|Any CPU
		Release|Any CPU = Release|Any CPU
	EndGlobalSection
	GlobalSection(ProjectConfigurationPlatforms) = postSolution
		{957090F3-D758-45BF-8AC4-72535E4B8978}.Debug|Any CPU.ActiveCfg = Debug|Any CPU
		{957090F3-D758-45BF-8AC4-72535E4B8978}.Debug|Any CPU.Build.0 = Debug|Any CPU
		{957090F3-D758-45BF-8AC4-72535E4B8978}.Release|Any CPU.ActiveCfg = Release|Any CPU
		{957090F3-D758-45BF-8AC4-72535E4B8978}.Release|Any CPU.Build.0 = Release|Any CPU
		{7DBBD72B-3425-44A9-A61F-E6039F95EE97}.Debug|Any CPU.ActiveCfg = Debug|Any CPU
		{7DBBD72B-3425-44A9-A61F-E6039F95EE97}.Debug|Any CPU.Build.0 = Debug|Any CPU
		{7DBBD72B-3425-44A9-A61F-E6039F95EE97}.Release|Any CPU.ActiveCfg = Release|Any CPU
		{7DBBD72B-3425-44A9-A61F-E6039F95EE97}.Release|Any CPU.Build.0 = Release|Any CPU
		{7D7F22C5-11D4-4A92-9F10-09AA27BF3089}.Debug|Any CPU.ActiveCfg = Debug|Any CPU
		{7D7F22C5-11D4-4A92-9F10-09AA27BF3089}.Debug|Any CPU.Build.0 = Debug|Any CPU
		{7D7F22C5-11D4-4A92-9F10-09AA27BF3089}.Release|Any CPU.ActiveCfg = Release|Any CPU
		{7D7F22C5-11D4-4A92-9F10-09AA27BF3089}.Release|Any CPU.Build.0 = Release|Any CPU
		{619A297C-6C31-45C4-85DC-84D6300C4683}.Debug|Any CPU.ActiveCfg = Debug|Any CPU
		{619A297C-6C31-45C4-85DC-84D6300C4683}.Debug|Any CPU.Build.0 = Debug|Any CPU
		{619A297C-6C31-45C4-85DC-84D6300C4683}.Release|Any CPU.ActiveCfg = Release|Any CPU
		{619A297C-6C31-45C4-85DC-84D6300C4683}.Release|Any CPU.Build.0 = Release|Any CPU
		{9FAA392A-7303-43B9-9C20-3C628F77C0D4}.Debug|Any CPU.ActiveCfg = Debug|Any CPU
		{9FAA392A-7303-43B9-9C20-3C628F77C0D4}.Debug|Any CPU.Build.0 = Debug|Any CPU
		{9FAA392A-7303-43B9-9C20-3C628F77C0D4}.Release|Any CPU.ActiveCfg = Debug|Any CPU
		{9FAA392A-7303-43B9-9C20-3C628F77C0D4}.Release|Any CPU.Build.0 = Debug|Any CPU
	EndGlobalSection
	GlobalSection(SolutionProperties) = preSolution
		HideSolutionNode = FALSE
	EndGlobalSection
EndGlobal
